
Microsoft Visual Studio Solution File, Format Version 12.00
# Visual Studio Version 16
VisualStudioVersion = 16.0.29424.173
MinimumVisualStudioVersion = 10.0.40219.1
Project("{FAE04EC0-301F-11D3-BF4B-00C04F79EFBC}") = "GdzieZjemAPI", "GdzieZjemAPI\GdzieZjemAPI.csproj", "{465A329B-25E9-4F11-86D8-136DB27EAC1A}"
EndProject
Project("{FAE04EC0-301F-11D3-BF4B-00C04F79EFBC}") = "WebApplication", "WebApplication\WebApplication.csproj", "{C6F3EF98-FDAF-4127-9853-B32445AE3F4B}"
EndProject
Global
	GlobalSection(SolutionConfigurationPlatforms) = preSolution
		Debug|Any CPU = Debug|Any CPU
		Release|Any CPU = Release|Any CPU
	EndGlobalSection
	GlobalSection(ProjectConfigurationPlatforms) = postSolution
		{465A329B-25E9-4F11-86D8-136DB27EAC1A}.Debug|Any CPU.ActiveCfg = Debug|Any CPU
		{465A329B-25E9-4F11-86D8-136DB27EAC1A}.Debug|Any CPU.Build.0 = Debug|Any CPU
		{465A329B-25E9-4F11-86D8-136DB27EAC1A}.Release|Any CPU.ActiveCfg = Release|Any CPU
		{465A329B-25E9-4F11-86D8-136DB27EAC1A}.Release|Any CPU.Build.0 = Release|Any CPU
		{C6F3EF98-FDAF-4127-9853-B32445AE3F4B}.Debug|Any CPU.ActiveCfg = Debug|Any CPU
		{C6F3EF98-FDAF-4127-9853-B32445AE3F4B}.Debug|Any CPU.Build.0 = Debug|Any CPU
		{C6F3EF98-FDAF-4127-9853-B32445AE3F4B}.Release|Any CPU.ActiveCfg = Release|Any CPU
		{C6F3EF98-FDAF-4127-9853-B32445AE3F4B}.Release|Any CPU.Build.0 = Release|Any CPU
	EndGlobalSection
	GlobalSection(SolutionProperties) = preSolution
		HideSolutionNode = FALSE
	EndGlobalSection
	GlobalSection(ExtensibilityGlobals) = postSolution
		SolutionGuid = {87B5D55B-BAA9-447C-8AAF-4EA79C192723}
	EndGlobalSection
EndGlobal
